// !$*UTF8*$!
{
	archiveVersion = 1;
	classes = {
	};
	objectVersion = 46;
	objects = {

/* Begin PBXBuildFile section */
		EEC018E81F603779006201A0 /* main.cpp in Sources */ = {isa = PBXBuildFile; fileRef = EEC018E71F603779006201A0 /* main.cpp */; };
		EEC018F01F6037CA006201A0 /* OpenGL.framework in Frameworks */ = {isa = PBXBuildFile; fileRef = EEC018EF1F6037CA006201A0 /* OpenGL.framework */; };
		EEC018F21F6037CF006201A0 /* GLUT.framework in Frameworks */ = {isa = PBXBuildFile; fileRef = EEC018F11F6037CF006201A0 /* GLUT.framework */; };
/* End PBXBuildFile section */

/* Begin PBXCopyFilesBuildPhase section */
		EEC018E21F603779006201A0 /* CopyFiles */ = {
			isa = PBXCopyFilesBuildPhase;
			buildActionMask = 2147483647;
			dstPath = /usr/share/man/man1/;
			dstSubfolderSpec = 0;
			files = (
			);
			runOnlyForDeploymentPostprocessing = 1;
		};
/* End PBXCopyFilesBuildPhase section */

/* Begin PBXFileReference section */
		EEC018E41F603779006201A0 /* L-Tree */ = {isa = PBXFileReference; explicitFileType = "compiled.mach-o.executable"; includeInIndex = 0; path = "L-Tree"; sourceTree = BUILT_PRODUCTS_DIR; };
		EEC018E71F603779006201A0 /* main.cpp */ = {isa = PBXFileReference; lastKnownFileType = sourcecode.cpp.cpp; path = main.cpp; sourceTree = "<group>"; };
		EEC018EF1F6037CA006201A0 /* OpenGL.framework */ = {isa = PBXFileReference; lastKnownFileType = wrapper.framework; name = OpenGL.framework; path = System/Library/Frameworks/OpenGL.framework; sourceTree = SDKROOT; };
		EEC018F11F6037CF006201A0 /* GLUT.framework */ = {isa = PBXFileReference; lastKnownFileType = wrapper.framework; name = GLUT.framework; path = System/Library/Frameworks/GLUT.framework; sourceTree = SDKROOT; };
		EEC018F31F603BA1006201A0 /* ShapeDrawer.h */ = {isa = PBXFileReference; lastKnownFileType = sourcecode.c.h; path = ShapeDrawer.h; sourceTree = "<group>"; };
/* End PBXFileReference section */

/* Begin PBXFrameworksBuildPhase section */
		EEC018E11F603779006201A0 /* Frameworks */ = {
			isa = PBXFrameworksBuildPhase;
			buildActionMask = 2147483647;
			files = (
				EEC018F21F6037CF006201A0 /* GLUT.framework in Frameworks */,
				EEC018F01F6037CA006201A0 /* OpenGL.framework in Frameworks */,
			);
			runOnlyForDeploymentPostprocessing = 0;
		};
/* End PBXFrameworksBuildPhase section */

/* Begin PBXGroup section */
		EEC018DB1F603779006201A0 = {
			isa = PBXGroup;
			children = (
				EEC018E61F603779006201A0 /* L-Tree */,
				EEC018E51F603779006201A0 /* Products */,
				EEC018EE1F6037C9006201A0 /* Frameworks */,
			);
			sourceTree = "<group>";
		};
		EEC018E51F603779006201A0 /* Products */ = {
			isa = PBXGroup;
			children = (
				EEC018E41F603779006201A0 /* L-Tree */,
			);
			name = Products;
			sourceTree = "<group>";
		};
		EEC018E61F603779006201A0 /* L-Tree */ = {
			isa = PBXGroup;
			children = (
				EEC018E71F603779006201A0 /* main.cpp */,
				EEC018F31F603BA1006201A0 /* ShapeDrawer.h */,
			);
			path = "L-Tree";
			sourceTree = "<group>";
		};
		EEC018EE1F6037C9006201A0 /* Frameworks */ = {
			isa = PBXGroup;
			children = (
				EEC018F11F6037CF006201A0 /* GLUT.framework */,
				EEC018EF1F6037CA006201A0 /* OpenGL.framework */,
			);
			name = Frameworks;
			sourceTree = "<group>";
		};
/* End PBXGroup section */

/* Begin PBXNativeTarget section */
		EEC018E31F603779006201A0 /* L-Tree */ = {
			isa = PBXNativeTarget;
			buildConfigurationList = EEC018EB1F603779006201A0 /* Build configuration list for PBXNativeTarget "L-Tree" */;
			buildPhases = (
				EEC018E01F603779006201A0 /* Sources */,
				EEC018E11F603779006201A0 /* Frameworks */,
				EEC018E21F603779006201A0 /* CopyFiles */,
			);
			buildRules = (
			);
			dependencies = (
			);
			name = "L-Tree";
			productName = "L-Tree";
			productReference = EEC018E41F603779006201A0 /* L-Tree */;
			productType = "com.apple.product-type.tool";
		};
/* End PBXNativeTarget section */

/* Begin PBXProject section */
		EEC018DC1F603779006201A0 /* Project object */ = {
			isa = PBXProject;
			attributes = {
				LastUpgradeCheck = 0830;
				ORGANIZATIONNAME = "Sohail Rajdev";
				TargetAttributes = {
					EEC018E31F603779006201A0 = {
						CreatedOnToolsVersion = 8.3.2;
						DevelopmentTeam = JXTM26T3PZ;
						ProvisioningStyle = Automatic;
					};
				};
			};
			buildConfigurationList = EEC018DF1F603779006201A0 /* Build configuration list for PBXProject "L-Tree" */;
			compatibilityVersion = "Xcode 3.2";
			developmentRegion = English;
			hasScannedForEncodings = 0;
			knownRegions = (
				en,
			);
			mainGroup = EEC018DB1F603779006201A0;
			productRefGroup = EEC018E51F603779006201A0 /* Products */;
			projectDirPath = "";
			projectRoot = "";
			targets = (
				EEC018E31F603779006201A0 /* L-Tree */,
			);
		};
/* End PBXProject section */

/* Begin PBXSourcesBuildPhase section */
		EEC018E01F603779006201A0 /* Sources */ = {
			isa = PBXSourcesBuildPhase;
			buildActionMask = 2147483647;
			files = (
				EEC018E81F603779006201A0 /* main.cpp in Sources */,
			);
			runOnlyForDeploymentPostprocessing = 0;
		};
/* End PBXSourcesBuildPhase section */

/* Begin XCBuildConfiguration section */
		EEC018E91F603779006201A0 /* Debug */ = {
			isa = XCBuildConfiguration;
			buildSettings = {
				ALWAYS_SEARCH_USER_PATHS = NO;
				CLANG_ANALYZER_NONNULL = YES;
				CLANG_ANALYZER_NUMBER_OBJECT_CONVERSION = YES_AGGRESSIVE;
				CLANG_CXX_LANGUAGE_STANDARD = "gnu++0x";
				CLANG_CXX_LIBRARY = "libc++";
				CLANG_ENABLE_MODULES = YES;
				CLANG_ENABLE_OBJC_ARC = YES;
				CLANG_WARN_BOOL_CONVERSION = YES;
				CLANG_WARN_CONSTANT_CONVERSION = YES;
				CLANG_WARN_DIRECT_OBJC_ISA_USAGE = YES_ERROR;
				CLANG_WARN_DOCUMENTATION_COMMENTS = YES;
				CLANG_WARN_EMPTY_BODY = YES;
				CLANG_WARN_ENUM_CONVERSION = YES;
				CLANG_WARN_INFINITE_RECURSION = YES;
				CLANG_WARN_INT_CONVERSION = YES;
				CLANG_WARN_OBJC_ROOT_CLASS = YES_ERROR;
				CLANG_WARN_SUSPICIOUS_MOVE = YES;
				CLANG_WARN_UNREACHABLE_CODE = YES;
				CLANG_WARN__DUPLICATE_METHOD_MATCH = YES;
				CODE_SIGN_IDENTITY = "-";
				COPY_PHASE_STRIP = NO;
				DEBUG_INFORMATION_FORMAT = dwarf;
				ENABLE_STRICT_OBJC_MSGSEND = YES;
				ENABLE_TESTABILITY = YES;
				GCC_C_LANGUAGE_STANDARD = gnu99;
				GCC_DYNAMIC_NO_PIC = NO;
				GCC_NO_COMMON_BLOCKS = YES;
				GCC_OPTIMIZATION_LEVEL = 0;
				GCC_PREPROCESSOR_DEFINITIONS = (
					"DEBUG=1",
					"$(inherited)",
				);
				GCC_WARN_64_TO_32_BIT_CONVERSION = YES;
				GCC_WARN_ABOUT_RETURN_TYPE = YES_ERROR;
				GCC_WARN_UNDECLARED_SELECTOR = YES;
				GCC_WARN_UNINITIALIZED_AUTOS = YES_AGGRESSIVE;
				GCC_WARN_UNUSED_FUNCTION = YES;
				GCC_WARN_UNUSED_VARIABLE = YES;
				MACOSX_DEPLOYMENT_TARGET = 10.12;
				MTL_ENABLE_DEBUG_INFO = YES;
				ONLY_ACTIVE_ARCH = YES;
				SDKROOT = macosx;
			};
			name = Debug;
		};
		EEC018EA1F603779006201A0 /* Release */ = {
			isa = XCBuildConfiguration;
			buildSettings = {
				ALWAYS_SEARCH_USER_PATHS = NO;
				CLANG_ANALYZER_NONNULL = YES;
				CLANG_ANALYZER_NUMBER_OBJECT_CONVERSION = YES_AGGRESSIVE;
				CLANG_CXX_LANGUAGE_STANDARD = "gnu++0x";
				CLANG_CXX_LIBRARY = "libc++";
				CLANG_ENABLE_MODULES = YES;
				CLANG_ENABLE_OBJC_ARC = YES;
				CLANG_WARN_BOOL_CONVERSION = YES;
				CLANG_WARN_CONSTANT_CONVERSION = YES;
				CLANG_WARN_DIRECT_OBJC_ISA_USAGE = YES_ERROR;
				CLANG_WARN_DOCUMENTATION_COMMENTS = YES;
				CLANG_WARN_EMPTY_BODY = YES;
				CLANG_WARN_ENUM_CONVERSION = YES;
				CLANG_WARN_INFINITE_RECURSION = YES;
				CLANG_WARN_INT_CONVERSION = YES;
				CLANG_WARN_OBJC_ROOT_CLASS = YES_ERROR;
				CLANG_WARN_SUSPICIOUS_MOVE = YES;
				CLANG_WARN_UNREACHABLE_CODE = YES;
				CLANG_WARN__DUPLICATE_METHOD_MATCH = YES;
				CODE_SIGN_IDENTITY = "-";
				COPY_PHASE_STRIP = NO;
				DEBUG_INFORMATION_FORMAT = "dwarf-with-dsym";
				ENABLE_NS_ASSERTIONS = NO;
				ENABLE_STRICT_OBJC_MSGSEND = YES;
				GCC_C_LANGUAGE_STANDARD = gnu99;
				GCC_NO_COMMON_BLOCKS = YES;
				GCC_WARN_64_TO_32_BIT_CONVERSION = YES;
				GCC_WARN_ABOUT_RETURN_TYPE = YES_ERROR;
				GCC_WARN_UNDECLARED_SELECTOR = YES;
				GCC_WARN_UNINITIALIZED_AUTOS = YES_AGGRESSIVE;
				GCC_WARN_UNUSED_FUNCTION = YES;
				GCC_WARN_UNUSED_VARIABLE = YES;
				MACOSX_DEPLOYMENT_TARGET = 10.12;
				MTL_ENABLE_DEBUG_INFO = NO;
				SDKROOT = macosx;
			};
			name = Release;
		};
		EEC018EC1F603779006201A0 /* Debug */ = {
			isa = XCBuildConfiguration;
			buildSettings = {
				DEVELOPMENT_TEAM = JXTM26T3PZ;
				MACOSX_DEPLOYMENT_TARGET = 10.8;
				PRODUCT_NAME = "$(TARGET_NAME)";
			};
			name = Debug;
		};
		EEC018ED1F603779006201A0 /* Release */ = {
			isa = XCBuildConfiguration;
			buildSettings = {
				DEVELOPMENT_TEAM = JXTM26T3PZ;
				MACOSX_DEPLOYMENT_TARGET = 10.8;
				PRODUCT_NAME = "$(TARGET_NAME)";
			};
			name = Release;
		};
/* End XCBuildConfiguration section */

/* Begin XCConfigurationList section */
		EEC018DF1F603779006201A0 /* Build configuration list for PBXProject "L-Tree" */ = {
			isa = XCConfigurationList;
			buildConfigurations = (
				EEC018E91F603779006201A0 /* Debug */,
				EEC018EA1F603779006201A0 /* Release */,
			);
			defaultConfigurationIsVisible = 0;
			defaultConfigurationName = Release;
		};
		EEC018EB1F603779006201A0 /* Build configuration list for PBXNativeTarget "L-Tree" */ = {
			isa = XCConfigurationList;
			buildConfigurations = (
				EEC018EC1F603779006201A0 /* Debug */,
				EEC018ED1F603779006201A0 /* Release */,
			);
			defaultConfigurationIsVisible = 0;
		};
/* End XCConfigurationList section */
	};
	rootObject = EEC018DC1F603779006201A0 /* Project object */;
}
